
Microsoft Visual Studio Solution File, Format Version 12.00
# Visual Studio 2013
VisualStudioVersion = 12.0.40629.0
MinimumVisualStudioVersion = 10.0.40219.1
Project("{FAE04EC0-301F-11D3-BF4B-00C04F79EFBC}") = "ClassLibrary", "ClassLibrary\ClassLibrary.csproj", "{31E65D11-9EFB-4CB0-AA4F-848E1B613BAE}"
EndProject
Project("{FAE04EC0-301F-11D3-BF4B-00C04F79EFBC}") = "ClinicalSummaryWeb", "ClinicalSummaryWeb\ClinicalSummaryWeb.csproj", "{A231B6EB-1B25-4C93-938B-6418FD8D0A5E}"
EndProject
Global
	GlobalSection(SolutionConfigurationPlatforms) = preSolution
		Debug|Any CPU = Debug|Any CPU
		Release|Any CPU = Release|Any CPU
	EndGlobalSection
	GlobalSection(ProjectConfigurationPlatforms) = postSolution
		{31E65D11-9EFB-4CB0-AA4F-848E1B613BAE}.Debug|Any CPU.ActiveCfg = Debug|Any CPU
		{31E65D11-9EFB-4CB0-AA4F-848E1B613BAE}.Debug|Any CPU.Build.0 = Debug|Any CPU
		{31E65D11-9EFB-4CB0-AA4F-848E1B613BAE}.Release|Any CPU.ActiveCfg = Release|Any CPU
		{31E65D11-9EFB-4CB0-AA4F-848E1B613BAE}.Release|Any CPU.Build.0 = Release|Any CPU
		{A231B6EB-1B25-4C93-938B-6418FD8D0A5E}.Debug|Any CPU.ActiveCfg = Debug|Any CPU
		{A231B6EB-1B25-4C93-938B-6418FD8D0A5E}.Debug|Any CPU.Build.0 = Debug|Any CPU
		{A231B6EB-1B25-4C93-938B-6418FD8D0A5E}.Release|Any CPU.ActiveCfg = Release|Any CPU
		{A231B6EB-1B25-4C93-938B-6418FD8D0A5E}.Release|Any CPU.Build.0 = Release|Any CPU
	EndGlobalSection
	GlobalSection(SolutionProperties) = preSolution
		HideSolutionNode = FALSE
	EndGlobalSection
EndGlobal
